
Microsoft Visual Studio Solution File, Format Version 12.00
# Visual Studio Version 17
VisualStudioVersion = 17.5.2.0
MinimumVisualStudioVersion = 10.0.40219.1
Project("{FAE04EC0-301F-11D3-BF4B-00C04F79EFBC}") = "AccountApp", "AccountApp\AccountApp.csproj", "{D42C3DAE-EB8C-ADAD-A82B-AE71538E8BE8}"
EndProject
Project("{FAE04EC0-301F-11D3-BF4B-00C04F79EFBC}") = "ArrayOfAccounts", "ArrayOfAccounts\ArrayOfAccounts.csproj", "{A79A98C0-7F9A-520B-9A6C-AF93EAA6458C}"
EndProject
Project("{FAE04EC0-301F-11D3-BF4B-00C04F79EFBC}") = "BankGameApp", "BankGameApp\BankGameApp.csproj", "{E8ACE898-6625-0921-4374-F8D490DFDB5E}"
EndProject
Project("{FAE04EC0-301F-11D3-BF4B-00C04F79EFBC}") = "BookDiscountCalculator", "BookDiscountCalculator\BookDiscountCalculator.csproj", "{6681E2B7-556D-BDDA-1A3B-60A30CC535BC}"
EndProject
Project("{FAE04EC0-301F-11D3-BF4B-00C04F79EFBC}") = "EmployeePolymorphism", "EmployeePolymorphism\EmployeePolymorphism.csproj", "{950845A2-5C40-9257-7CCF-871C0B645CB3}"
EndProject
Project("{FAE04EC0-301F-11D3-BF4B-00C04F79EFBC}") = "EnrollUniversity", "EnrollUniversity\EnrollUniversity.csproj", "{29F1CDCA-93EF-9B96-147B-ADD9C716E5A4}"
EndProject
Project("{FAE04EC0-301F-11D3-BF4B-00C04F79EFBC}") = "FuncDelegateDemo", "FuncDelegateDemo\FuncDelegateDemo.csproj", "{841E1E1F-58E5-AF76-4C73-32F7F5AAD251}"
EndProject
Project("{FAE04EC0-301F-11D3-BF4B-00C04F79EFBC}") = "GradeStudents", "GradeStudents\GradeStudents.csproj", "{DC922DAE-2431-869B-BE01-63D7C2958501}"
EndProject
Project("{FAE04EC0-301F-11D3-BF4B-00C04F79EFBC}") = "InOutParams", "InOutParams\InOutParams.csproj", "{C33349FE-A97F-1034-2593-F6101CF53C5D}"
EndProject
Project("{FAE04EC0-301F-11D3-BF4B-00C04F79EFBC}") = "ListSetDictionaryOperations", "ListSetDictionaryOperations\ListSetDictionaryOperations.csproj", "{695E59D9-DA94-C15D-8057-E5C9324183D4}"
EndProject
Project("{FAE04EC0-301F-11D3-BF4B-00C04F79EFBC}") = "MultiCastDelegate", "MultiCastDelegate\MultiCastDelegate.csproj", "{51B248BD-2440-F22C-4F0C-56428B88BF5E}"
EndProject
Project("{FAE04EC0-301F-11D3-BF4B-00C04F79EFBC}") = "MultiLevel", "MultiLevel\MultiLevel.csproj", "{E1064967-2ADE-2118-37CA-9053010023C4}"
EndProject
Project("{FAE04EC0-301F-11D3-BF4B-00C04F79EFBC}") = "PIG", "PIG\PIG.csproj", "{491FBE64-756B-0ABA-9F97-CD2E70F91579}"
EndProject
Project("{FAE04EC0-301F-11D3-BF4B-00C04F79EFBC}") = "PlanetGravity", "PlanetGravity\PlanetGravity.csproj", "{21C3A5AD-8EB2-2EBA-01A6-04B1341D246A}"
EndProject
Project("{FAE04EC0-301F-11D3-BF4B-00C04F79EFBC}") = "PredicateDemo", "PredicateDemo\PredicateDemo.csproj", "{69E811CF-3E48-EA17-62BF-78A49A6C04F2}"
EndProject
Project("{FAE04EC0-301F-11D3-BF4B-00C04F79EFBC}") = "ProductApp", "ProductApp\ProductApp.csproj", "{A9E8FABC-3B00-ED36-3E5C-0DCE95A79D03}"
EndProject
Project("{FAE04EC0-301F-11D3-BF4B-00C04F79EFBC}") = "TicTacToeFacade", "TicTacToeFacade\TicTacToeFacade.csproj", "{F8BFBB96-88CE-408A-9E93-A53FB64E3A22}"
EndProject
Global
	GlobalSection(SolutionConfigurationPlatforms) = preSolution
		Debug|Any CPU = Debug|Any CPU
		Debug|x64 = Debug|x64
		Debug|x86 = Debug|x86
		Release|Any CPU = Release|Any CPU
		Release|x64 = Release|x64
		Release|x86 = Release|x86
	EndGlobalSection
	GlobalSection(ProjectConfigurationPlatforms) = postSolution
		{D42C3DAE-EB8C-ADAD-A82B-AE71538E8BE8}.Debug|Any CPU.ActiveCfg = Debug|Any CPU
		{D42C3DAE-EB8C-ADAD-A82B-AE71538E8BE8}.Debug|Any CPU.Build.0 = Debug|Any CPU
		{D42C3DAE-EB8C-ADAD-A82B-AE71538E8BE8}.Debug|x64.ActiveCfg = Debug|Any CPU
		{D42C3DAE-EB8C-ADAD-A82B-AE71538E8BE8}.Debug|x64.Build.0 = Debug|Any CPU
		{D42C3DAE-EB8C-ADAD-A82B-AE71538E8BE8}.Debug|x86.ActiveCfg = Debug|Any CPU
		{D42C3DAE-EB8C-ADAD-A82B-AE71538E8BE8}.Debug|x86.Build.0 = Debug|Any CPU
		{D42C3DAE-EB8C-ADAD-A82B-AE71538E8BE8}.Release|Any CPU.ActiveCfg = Release|Any CPU
		{D42C3DAE-EB8C-ADAD-A82B-AE71538E8BE8}.Release|Any CPU.Build.0 = Release|Any CPU
		{D42C3DAE-EB8C-ADAD-A82B-AE71538E8BE8}.Release|x64.ActiveCfg = Release|Any CPU
		{D42C3DAE-EB8C-ADAD-A82B-AE71538E8BE8}.Release|x64.Build.0 = Release|Any CPU
		{D42C3DAE-EB8C-ADAD-A82B-AE71538E8BE8}.Release|x86.ActiveCfg = Release|Any CPU
		{D42C3DAE-EB8C-ADAD-A82B-AE71538E8BE8}.Release|x86.Build.0 = Release|Any CPU
		{A79A98C0-7F9A-520B-9A6C-AF93EAA6458C}.Debug|Any CPU.ActiveCfg = Debug|Any CPU
		{A79A98C0-7F9A-520B-9A6C-AF93EAA6458C}.Debug|Any CPU.Build.0 = Debug|Any CPU
		{A79A98C0-7F9A-520B-9A6C-AF93EAA6458C}.Debug|x64.ActiveCfg = Debug|Any CPU
		{A79A98C0-7F9A-520B-9A6C-AF93EAA6458C}.Debug|x64.Build.0 = Debug|Any CPU
		{A79A98C0-7F9A-520B-9A6C-AF93EAA6458C}.Debug|x86.ActiveCfg = Debug|Any CPU
		{A79A98C0-7F9A-520B-9A6C-AF93EAA6458C}.Debug|x86.Build.0 = Debug|Any CPU
		{A79A98C0-7F9A-520B-9A6C-AF93EAA6458C}.Release|Any CPU.ActiveCfg = Release|Any CPU
		{A79A98C0-7F9A-520B-9A6C-AF93EAA6458C}.Release|Any CPU.Build.0 = Release|Any CPU
		{A79A98C0-7F9A-520B-9A6C-AF93EAA6458C}.Release|x64.ActiveCfg = Release|Any CPU
		{A79A98C0-7F9A-520B-9A6C-AF93EAA6458C}.Release|x64.Build.0 = Release|Any CPU
		{A79A98C0-7F9A-520B-9A6C-AF93EAA6458C}.Release|x86.ActiveCfg = Release|Any CPU
		{A79A98C0-7F9A-520B-9A6C-AF93EAA6458C}.Release|x86.Build.0 = Release|Any CPU
		{E8ACE898-6625-0921-4374-F8D490DFDB5E}.Debug|Any CPU.ActiveCfg = Debug|Any CPU
		{E8ACE898-6625-0921-4374-F8D490DFDB5E}.Debug|Any CPU.Build.0 = Debug|Any CPU
		{E8ACE898-6625-0921-4374-F8D490DFDB5E}.Debug|x64.ActiveCfg = Debug|Any CPU
		{E8ACE898-6625-0921-4374-F8D490DFDB5E}.Debug|x64.Build.0 = Debug|Any CPU
		{E8ACE898-6625-0921-4374-F8D490DFDB5E}.Debug|x86.ActiveCfg = Debug|Any CPU
		{E8ACE898-6625-0921-4374-F8D490DFDB5E}.Debug|x86.Build.0 = Debug|Any CPU
		{E8ACE898-6625-0921-4374-F8D490DFDB5E}.Release|Any CPU.ActiveCfg = Release|Any CPU
		{E8ACE898-6625-0921-4374-F8D490DFDB5E}.Release|Any CPU.Build.0 = Release|Any CPU
		{E8ACE898-6625-0921-4374-F8D490DFDB5E}.Release|x64.ActiveCfg = Release|Any CPU
		{E8ACE898-6625-0921-4374-F8D490DFDB5E}.Release|x64.Build.0 = Release|Any CPU
		{E8ACE898-6625-0921-4374-F8D490DFDB5E}.Release|x86.ActiveCfg = Release|Any CPU
		{E8ACE898-6625-0921-4374-F8D490DFDB5E}.Release|x86.Build.0 = Release|Any CPU
		{6681E2B7-556D-BDDA-1A3B-60A30CC535BC}.Debug|Any CPU.ActiveCfg = Debug|Any CPU
		{6681E2B7-556D-BDDA-1A3B-60A30CC535BC}.Debug|Any CPU.Build.0 = Debug|Any CPU
		{6681E2B7-556D-BDDA-1A3B-60A30CC535BC}.Debug|x64.ActiveCfg = Debug|Any CPU
		{6681E2B7-556D-BDDA-1A3B-60A30CC535BC}.Debug|x64.Build.0 = Debug|Any CPU
		{6681E2B7-556D-BDDA-1A3B-60A30CC535BC}.Debug|x86.ActiveCfg = Debug|Any CPU
		{6681E2B7-556D-BDDA-1A3B-60A30CC535BC}.Debug|x86.Build.0 = Debug|Any CPU
		{6681E2B7-556D-BDDA-1A3B-60A30CC535BC}.Release|Any CPU.ActiveCfg = Release|Any CPU
		{6681E2B7-556D-BDDA-1A3B-60A30CC535BC}.Release|Any CPU.Build.0 = Release|Any CPU
		{6681E2B7-556D-BDDA-1A3B-60A30CC535BC}.Release|x64.ActiveCfg = Release|Any CPU
		{6681E2B7-556D-BDDA-1A3B-60A30CC535BC}.Release|x64.Build.0 = Release|Any CPU
		{6681E2B7-556D-BDDA-1A3B-60A30CC535BC}.Release|x86.ActiveCfg = Release|Any CPU
		{6681E2B7-556D-BDDA-1A3B-60A30CC535BC}.Release|x86.Build.0 = Release|Any CPU
		{950845A2-5C40-9257-7CCF-871C0B645CB3}.Debug|Any CPU.ActiveCfg = Debug|Any CPU
		{950845A2-5C40-9257-7CCF-871C0B645CB3}.Debug|Any CPU.Build.0 = Debug|Any CPU
		{950845A2-5C40-9257-7CCF-871C0B645CB3}.Debug|x64.ActiveCfg = Debug|Any CPU
		{950845A2-5C40-9257-7CCF-871C0B645CB3}.Debug|x64.Build.0 = Debug|Any CPU
		{950845A2-5C40-9257-7CCF-871C0B645CB3}.Debug|x86.ActiveCfg = Debug|Any CPU
		{950845A2-5C40-9257-7CCF-871C0B645CB3}.Debug|x86.Build.0 = Debug|Any CPU
		{950845A2-5C40-9257-7CCF-871C0B645CB3}.Release|Any CPU.ActiveCfg = Release|Any CPU
		{950845A2-5C40-9257-7CCF-871C0B645CB3}.Release|Any CPU.Build.0 = Release|Any CPU
		{950845A2-5C40-9257-7CCF-871C0B645CB3}.Release|x64.ActiveCfg = Release|Any CPU
		{950845A2-5C40-9257-7CCF-871C0B645CB3}.Release|x64.Build.0 = Release|Any CPU
		{950845A2-5C40-9257-7CCF-871C0B645CB3}.Release|x86.ActiveCfg = Release|Any CPU
		{950845A2-5C40-9257-7CCF-871C0B645CB3}.Release|x86.Build.0 = Release|Any CPU
		{29F1CDCA-93EF-9B96-147B-ADD9C716E5A4}.Debug|Any CPU.ActiveCfg = Debug|Any CPU
		{29F1CDCA-93EF-9B96-147B-ADD9C716E5A4}.Debug|Any CPU.Build.0 = Debug|Any CPU
		{29F1CDCA-93EF-9B96-147B-ADD9C716E5A4}.Debug|x64.ActiveCfg = Debug|Any CPU
		{29F1CDCA-93EF-9B96-147B-ADD9C716E5A4}.Debug|x64.Build.0 = Debug|Any CPU
		{29F1CDCA-93EF-9B96-147B-ADD9C716E5A4}.Debug|x86.ActiveCfg = Debug|Any CPU
		{29F1CDCA-93EF-9B96-147B-ADD9C716E5A4}.Debug|x86.Build.0 = Debug|Any CPU
		{29F1CDCA-93EF-9B96-147B-ADD9C716E5A4}.Release|Any CPU.ActiveCfg = Release|Any CPU
		{29F1CDCA-93EF-9B96-147B-ADD9C716E5A4}.Release|Any CPU.Build.0 = Release|Any CPU
		{29F1CDCA-93EF-9B96-147B-ADD9C716E5A4}.Release|x64.ActiveCfg = Release|Any CPU
		{29F1CDCA-93EF-9B96-147B-ADD9C716E5A4}.Release|x64.Build.0 = Release|Any CPU
		{29F1CDCA-93EF-9B96-147B-ADD9C716E5A4}.Release|x86.ActiveCfg = Release|Any CPU
		{29F1CDCA-93EF-9B96-147B-ADD9C716E5A4}.Release|x86.Build.0 = Release|Any CPU
		{841E1E1F-58E5-AF76-4C73-32F7F5AAD251}.Debug|Any CPU.ActiveCfg = Debug|Any CPU
		{841E1E1F-58E5-AF76-4C73-32F7F5AAD251}.Debug|Any CPU.Build.0 = Debug|Any CPU
		{841E1E1F-58E5-AF76-4C73-32F7F5AAD251}.Debug|x64.ActiveCfg = Debug|Any CPU
		{841E1E1F-58E5-AF76-4C73-32F7F5AAD251}.Debug|x64.Build.0 = Debug|Any CPU
		{841E1E1F-58E5-AF76-4C73-32F7F5AAD251}.Debug|x86.ActiveCfg = Debug|Any CPU
		{841E1E1F-58E5-AF76-4C73-32F7F5AAD251}.Debug|x86.Build.0 = Debug|Any CPU
		{841E1E1F-58E5-AF76-4C73-32F7F5AAD251}.Release|Any CPU.ActiveCfg = Release|Any CPU
		{841E1E1F-58E5-AF76-4C73-32F7F5AAD251}.Release|Any CPU.Build.0 = Release|Any CPU
		{841E1E1F-58E5-AF76-4C73-32F7F5AAD251}.Release|x64.ActiveCfg = Release|Any CPU
		{841E1E1F-58E5-AF76-4C73-32F7F5AAD251}.Release|x64.Build.0 = Release|Any CPU
		{841E1E1F-58E5-AF76-4C73-32F7F5AAD251}.Release|x86.ActiveCfg = Release|Any CPU
		{841E1E1F-58E5-AF76-4C73-32F7F5AAD251}.Release|x86.Build.0 = Release|Any CPU
		{DC922DAE-2431-869B-BE01-63D7C2958501}.Debug|Any CPU.ActiveCfg = Debug|Any CPU
		{DC922DAE-2431-869B-BE01-63D7C2958501}.Debug|Any CPU.Build.0 = Debug|Any CPU
		{DC922DAE-2431-869B-BE01-63D7C2958501}.Debug|x64.ActiveCfg = Debug|Any CPU
		{DC922DAE-2431-869B-BE01-63D7C2958501}.Debug|x64.Build.0 = Debug|Any CPU
		{DC922DAE-2431-869B-BE01-63D7C2958501}.Debug|x86.ActiveCfg = Debug|Any CPU
		{DC922DAE-2431-869B-BE01-63D7C2958501}.Debug|x86.Build.0 = Debug|Any CPU
		{DC922DAE-2431-869B-BE01-63D7C2958501}.Release|Any CPU.ActiveCfg = Release|Any CPU
		{DC922DAE-2431-869B-BE01-63D7C2958501}.Release|Any CPU.Build.0 = Release|Any CPU
		{DC922DAE-2431-869B-BE01-63D7C2958501}.Release|x64.ActiveCfg = Release|Any CPU
		{DC922DAE-2431-869B-BE01-63D7C2958501}.Release|x64.Build.0 = Release|Any CPU
		{DC922DAE-2431-869B-BE01-63D7C2958501}.Release|x86.ActiveCfg = Release|Any CPU
		{DC922DAE-2431-869B-BE01-63D7C2958501}.Release|x86.Build.0 = Release|Any CPU
		{C33349FE-A97F-1034-2593-F6101CF53C5D}.Debug|Any CPU.ActiveCfg = Debug|Any CPU
		{C33349FE-A97F-1034-2593-F6101CF53C5D}.Debug|Any CPU.Build.0 = Debug|Any CPU
		{C33349FE-A97F-1034-2593-F6101CF53C5D}.Debug|x64.ActiveCfg = Debug|Any CPU
		{C33349FE-A97F-1034-2593-F6101CF53C5D}.Debug|x64.Build.0 = Debug|Any CPU
		{C33349FE-A97F-1034-2593-F6101CF53C5D}.Debug|x86.ActiveCfg = Debug|Any CPU
		{C33349FE-A97F-1034-2593-F6101CF53C5D}.Debug|x86.Build.0 = Debug|Any CPU
		{C33349FE-A97F-1034-2593-F6101CF53C5D}.Release|Any CPU.ActiveCfg = Release|Any CPU
		{C33349FE-A97F-1034-2593-F6101CF53C5D}.Release|Any CPU.Build.0 = Release|Any CPU
		{C33349FE-A97F-1034-2593-F6101CF53C5D}.Release|x64.ActiveCfg = Release|Any CPU
		{C33349FE-A97F-1034-2593-F6101CF53C5D}.Release|x64.Build.0 = Release|Any CPU
		{C33349FE-A97F-1034-2593-F6101CF53C5D}.Release|x86.ActiveCfg = Release|Any CPU
		{C33349FE-A97F-1034-2593-F6101CF53C5D}.Release|x86.Build.0 = Release|Any CPU
		{695E59D9-DA94-C15D-8057-E5C9324183D4}.Debug|Any CPU.ActiveCfg = Debug|Any CPU
		{695E59D9-DA94-C15D-8057-E5C9324183D4}.Debug|Any CPU.Build.0 = Debug|Any CPU
		{695E59D9-DA94-C15D-8057-E5C9324183D4}.Debug|x64.ActiveCfg = Debug|Any CPU
		{695E59D9-DA94-C15D-8057-E5C9324183D4}.Debug|x64.Build.0 = Debug|Any CPU
		{695E59D9-DA94-C15D-8057-E5C9324183D4}.Debug|x86.ActiveCfg = Debug|Any CPU
		{695E59D9-DA94-C15D-8057-E5C9324183D4}.Debug|x86.Build.0 = Debug|Any CPU
		{695E59D9-DA94-C15D-8057-E5C9324183D4}.Release|Any CPU.ActiveCfg = Release|Any CPU
		{695E59D9-DA94-C15D-8057-E5C9324183D4}.Release|Any CPU.Build.0 = Release|Any CPU
		{695E59D9-DA94-C15D-8057-E5C9324183D4}.Release|x64.ActiveCfg = Release|Any CPU
		{695E59D9-DA94-C15D-8057-E5C9324183D4}.Release|x64.Build.0 = Release|Any CPU
		{695E59D9-DA94-C15D-8057-E5C9324183D4}.Release|x86.ActiveCfg = Release|Any CPU
		{695E59D9-DA94-C15D-8057-E5C9324183D4}.Release|x86.Build.0 = Release|Any CPU
		{51B248BD-2440-F22C-4F0C-56428B88BF5E}.Debug|Any CPU.ActiveCfg = Debug|Any CPU
		{51B248BD-2440-F22C-4F0C-56428B88BF5E}.Debug|Any CPU.Build.0 = Debug|Any CPU
		{51B248BD-2440-F22C-4F0C-56428B88BF5E}.Debug|x64.ActiveCfg = Debug|Any CPU
		{51B248BD-2440-F22C-4F0C-56428B88BF5E}.Debug|x64.Build.0 = Debug|Any CPU
		{51B248BD-2440-F22C-4F0C-56428B88BF5E}.Debug|x86.ActiveCfg = Debug|Any CPU
		{51B248BD-2440-F22C-4F0C-56428B88BF5E}.Debug|x86.Build.0 = Debug|Any CPU
		{51B248BD-2440-F22C-4F0C-56428B88BF5E}.Release|Any CPU.ActiveCfg = Release|Any CPU
		{51B248BD-2440-F22C-4F0C-56428B88BF5E}.Release|Any CPU.Build.0 = Release|Any CPU
		{51B248BD-2440-F22C-4F0C-56428B88BF5E}.Release|x64.ActiveCfg = Release|Any CPU
		{51B248BD-2440-F22C-4F0C-56428B88BF5E}.Release|x64.Build.0 = Release|Any CPU
		{51B248BD-2440-F22C-4F0C-56428B88BF5E}.Release|x86.ActiveCfg = Release|Any CPU
		{51B248BD-2440-F22C-4F0C-56428B88BF5E}.Release|x86.Build.0 = Release|Any CPU
		{E1064967-2ADE-2118-37CA-9053010023C4}.Debug|Any CPU.ActiveCfg = Debug|Any CPU
		{E1064967-2ADE-2118-37CA-9053010023C4}.Debug|Any CPU.Build.0 = Debug|Any CPU
		{E1064967-2ADE-2118-37CA-9053010023C4}.Debug|x64.ActiveCfg = Debug|Any CPU
		{E1064967-2ADE-2118-37CA-9053010023C4}.Debug|x64.Build.0 = Debug|Any CPU
		{E1064967-2ADE-2118-37CA-9053010023C4}.Debug|x86.ActiveCfg = Debug|Any CPU
		{E1064967-2ADE-2118-37CA-9053010023C4}.Debug|x86.Build.0 = Debug|Any CPU
		{E1064967-2ADE-2118-37CA-9053010023C4}.Release|Any CPU.ActiveCfg = Release|Any CPU
		{E1064967-2ADE-2118-37CA-9053010023C4}.Release|Any CPU.Build.0 = Release|Any CPU
		{E1064967-2ADE-2118-37CA-9053010023C4}.Release|x64.ActiveCfg = Release|Any CPU
		{E1064967-2ADE-2118-37CA-9053010023C4}.Release|x64.Build.0 = Release|Any CPU
		{E1064967-2ADE-2118-37CA-9053010023C4}.Release|x86.ActiveCfg = Release|Any CPU
		{E1064967-2ADE-2118-37CA-9053010023C4}.Release|x86.Build.0 = Release|Any CPU
		{491FBE64-756B-0ABA-9F97-CD2E70F91579}.Debug|Any CPU.ActiveCfg = Debug|Any CPU
		{491FBE64-756B-0ABA-9F97-CD2E70F91579}.Debug|Any CPU.Build.0 = Debug|Any CPU
		{491FBE64-756B-0ABA-9F97-CD2E70F91579}.Debug|x64.ActiveCfg = Debug|Any CPU
		{491FBE64-756B-0ABA-9F97-CD2E70F91579}.Debug|x64.Build.0 = Debug|Any CPU
		{491FBE64-756B-0ABA-9F97-CD2E70F91579}.Debug|x86.ActiveCfg = Debug|Any CPU
		{491FBE64-756B-0ABA-9F97-CD2E70F91579}.Debug|x86.Build.0 = Debug|Any CPU
		{491FBE64-756B-0ABA-9F97-CD2E70F91579}.Release|Any CPU.ActiveCfg = Release|Any CPU
		{491FBE64-756B-0ABA-9F97-CD2E70F91579}.Release|Any CPU.Build.0 = Release|Any CPU
		{491FBE64-756B-0ABA-9F97-CD2E70F91579}.Release|x64.ActiveCfg = Release|Any CPU
		{491FBE64-756B-0ABA-9F97-CD2E70F91579}.Release|x64.Build.0 = Release|Any CPU
		{491FBE64-756B-0ABA-9F97-CD2E70F91579}.Release|x86.ActiveCfg = Release|Any CPU
		{491FBE64-756B-0ABA-9F97-CD2E70F91579}.Release|x86.Build.0 = Release|Any CPU
		{21C3A5AD-8EB2-2EBA-01A6-04B1341D246A}.Debug|Any CPU.ActiveCfg = Debug|Any CPU
		{21C3A5AD-8EB2-2EBA-01A6-04B1341D246A}.Debug|Any CPU.Build.0 = Debug|Any CPU
		{21C3A5AD-8EB2-2EBA-01A6-04B1341D246A}.Debug|x64.ActiveCfg = Debug|Any CPU
		{21C3A5AD-8EB2-2EBA-01A6-04B1341D246A}.Debug|x64.Build.0 = Debug|Any CPU
		{21C3A5AD-8EB2-2EBA-01A6-04B1341D246A}.Debug|x86.ActiveCfg = Debug|Any CPU
		{21C3A5AD-8EB2-2EBA-01A6-04B1341D246A}.Debug|x86.Build.0 = Debug|Any CPU
		{21C3A5AD-8EB2-2EBA-01A6-04B1341D246A}.Release|Any CPU.ActiveCfg = Release|Any CPU
		{21C3A5AD-8EB2-2EBA-01A6-04B1341D246A}.Release|Any CPU.Build.0 = Release|Any CPU
		{21C3A5AD-8EB2-2EBA-01A6-04B1341D246A}.Release|x64.ActiveCfg = Release|Any CPU
		{21C3A5AD-8EB2-2EBA-01A6-04B1341D246A}.Release|x64.Build.0 = Release|Any CPU
		{21C3A5AD-8EB2-2EBA-01A6-04B1341D246A}.Release|x86.ActiveCfg = Release|Any CPU
		{21C3A5AD-8EB2-2EBA-01A6-04B1341D246A}.Release|x86.Build.0 = Release|Any CPU
		{69E811CF-3E48-EA17-62BF-78A49A6C04F2}.Debug|Any CPU.ActiveCfg = Debug|Any CPU
		{69E811CF-3E48-EA17-62BF-78A49A6C04F2}.Debug|Any CPU.Build.0 = Debug|Any CPU
		{69E811CF-3E48-EA17-62BF-78A49A6C04F2}.Debug|x64.ActiveCfg = Debug|Any CPU
		{69E811CF-3E48-EA17-62BF-78A49A6C04F2}.Debug|x64.Build.0 = Debug|Any CPU
		{69E811CF-3E48-EA17-62BF-78A49A6C04F2}.Debug|x86.ActiveCfg = Debug|Any CPU
		{69E811CF-3E48-EA17-62BF-78A49A6C04F2}.Debug|x86.Build.0 = Debug|Any CPU
		{69E811CF-3E48-EA17-62BF-78A49A6C04F2}.Release|Any CPU.ActiveCfg = Release|Any CPU
		{69E811CF-3E48-EA17-62BF-78A49A6C04F2}.Release|Any CPU.Build.0 = Release|Any CPU
		{69E811CF-3E48-EA17-62BF-78A49A6C04F2}.Release|x64.ActiveCfg = Release|Any CPU
		{69E811CF-3E48-EA17-62BF-78A49A6C04F2}.Release|x64.Build.0 = Release|Any CPU
		{69E811CF-3E48-EA17-62BF-78A49A6C04F2}.Release|x86.ActiveCfg = Release|Any CPU
		{69E811CF-3E48-EA17-62BF-78A49A6C04F2}.Release|x86.Build.0 = Release|Any CPU
		{A9E8FABC-3B00-ED36-3E5C-0DCE95A79D03}.Debug|Any CPU.ActiveCfg = Debug|Any CPU
		{A9E8FABC-3B00-ED36-3E5C-0DCE95A79D03}.Debug|Any CPU.Build.0 = Debug|Any CPU
		{A9E8FABC-3B00-ED36-3E5C-0DCE95A79D03}.Debug|x64.ActiveCfg = Debug|Any CPU
		{A9E8FABC-3B00-ED36-3E5C-0DCE95A79D03}.Debug|x64.Build.0 = Debug|Any CPU
		{A9E8FABC-3B00-ED36-3E5C-0DCE95A79D03}.Debug|x86.ActiveCfg = Debug|Any CPU
		{A9E8FABC-3B00-ED36-3E5C-0DCE95A79D03}.Debug|x86.Build.0 = Debug|Any CPU
		{A9E8FABC-3B00-ED36-3E5C-0DCE95A79D03}.Release|Any CPU.ActiveCfg = Release|Any CPU
		{A9E8FABC-3B00-ED36-3E5C-0DCE95A79D03}.Release|Any CPU.Build.0 = Release|Any CPU
		{A9E8FABC-3B00-ED36-3E5C-0DCE95A79D03}.Release|x64.ActiveCfg = Release|Any CPU
		{A9E8FABC-3B00-ED36-3E5C-0DCE95A79D03}.Release|x64.Build.0 = Release|Any CPU
		{A9E8FABC-3B00-ED36-3E5C-0DCE95A79D03}.Release|x86.ActiveCfg = Release|Any CPU
		{A9E8FABC-3B00-ED36-3E5C-0DCE95A79D03}.Release|x86.Build.0 = Release|Any CPU
		{F8BFBB96-88CE-408A-9E93-A53FB64E3A22}.Debug|Any CPU.ActiveCfg = Debug|Any CPU
		{F8BFBB96-88CE-408A-9E93-A53FB64E3A22}.Debug|Any CPU.Build.0 = Debug|Any CPU
		{F8BFBB96-88CE-408A-9E93-A53FB64E3A22}.Debug|x64.ActiveCfg = Debug|Any CPU
		{F8BFBB96-88CE-408A-9E93-A53FB64E3A22}.Debug|x64.Build.0 = Debug|Any CPU
		{F8BFBB96-88CE-408A-9E93-A53FB64E3A22}.Debug|x86.ActiveCfg = Debug|Any CPU
		{F8BFBB96-88CE-408A-9E93-A53FB64E3A22}.Debug|x86.Build.0 = Debug|Any CPU
		{F8BFBB96-88CE-408A-9E93-A53FB64E3A22}.Release|Any CPU.ActiveCfg = Release|Any CPU
		{F8BFBB96-88CE-408A-9E93-A53FB64E3A22}.Release|Any CPU.Build.0 = Release|Any CPU
		{F8BFBB96-88CE-408A-9E93-A53FB64E3A22}.Release|x64.ActiveCfg = Release|Any CPU
		{F8BFBB96-88CE-408A-9E93-A53FB64E3A22}.Release|x64.Build.0 = Release|Any CPU
		{F8BFBB96-88CE-408A-9E93-A53FB64E3A22}.Release|x86.ActiveCfg = Release|Any CPU
		{F8BFBB96-88CE-408A-9E93-A53FB64E3A22}.Release|x86.Build.0 = Release|Any CPU
	EndGlobalSection
	GlobalSection(SolutionProperties) = preSolution
		HideSolutionNode = FALSE
	EndGlobalSection
	GlobalSection(ExtensibilityGlobals) = postSolution
		SolutionGuid = {C7BA0965-74FD-49D7-AAF0-81862D94C295}
	EndGlobalSection
EndGlobal
